
Microsoft Visual Studio Solution File, Format Version 12.00
# Visual Studio Version 16
VisualStudioVersion = 16.0.30011.22
MinimumVisualStudioVersion = 10.0.40219.1
Project("{FAE04EC0-301F-11D3-BF4B-00C04F79EFBC}") = "RandomNumber", "RandomNumber\RandomNumber.csproj", "{36D297ED-DAD9-473C-B51F-FD813F5F2D06}"
EndProject
Project("{FAE04EC0-301F-11D3-BF4B-00C04F79EFBC}") = "RandomNumber.Test", "RandomNumber.Test\RandomNumber.Test.csproj", "{24895C15-6764-4E27-8E33-AB7AF8F0F2D9}"
EndProject
Global
	GlobalSection(SolutionConfigurationPlatforms) = preSolution
		Debug|Any CPU = Debug|Any CPU
		Release|Any CPU = Release|Any CPU
	EndGlobalSection
	GlobalSection(ProjectConfigurationPlatforms) = postSolution
		{36D297ED-DAD9-473C-B51F-FD813F5F2D06}.Debug|Any CPU.ActiveCfg = Debug|Any CPU
		{36D297ED-DAD9-473C-B51F-FD813F5F2D06}.Debug|Any CPU.Build.0 = Debug|Any CPU
		{36D297ED-DAD9-473C-B51F-FD813F5F2D06}.Release|Any CPU.ActiveCfg = Release|Any CPU
		{36D297ED-DAD9-473C-B51F-FD813F5F2D06}.Release|Any CPU.Build.0 = Release|Any CPU
		{24895C15-6764-4E27-8E33-AB7AF8F0F2D9}.Debug|Any CPU.ActiveCfg = Debug|Any CPU
		{24895C15-6764-4E27-8E33-AB7AF8F0F2D9}.Debug|Any CPU.Build.0 = Debug|Any CPU
		{24895C15-6764-4E27-8E33-AB7AF8F0F2D9}.Release|Any CPU.ActiveCfg = Release|Any CPU
		{24895C15-6764-4E27-8E33-AB7AF8F0F2D9}.Release|Any CPU.Build.0 = Release|Any CPU
	EndGlobalSection
	GlobalSection(SolutionProperties) = preSolution
		HideSolutionNode = FALSE
	EndGlobalSection
	GlobalSection(ExtensibilityGlobals) = postSolution
		SolutionGuid = {E2CE11AA-89F2-4918-B74B-E90924C877F9}
	EndGlobalSection
EndGlobal
